// !$*UTF8*$!
{
	archiveVersion = 1;
	classes = {
	};
	objectVersion = 77;
	objects = {

/* Begin PBXContainerItemProxy section */
		24B70E6B2D034D81001CD1DB /* PBXContainerItemProxy */ = {
			isa = PBXContainerItemProxy;
			containerPortal = 24B70E522D034D7F001CD1DB /* Project object */;
			proxyType = 1;
			remoteGlobalIDString = 24B70E592D034D7F001CD1DB;
			remoteInfo = appSwiftUIPickerViewv1;
		};
		24B70E752D034D81001CD1DB /* PBXContainerItemProxy */ = {
			isa = PBXContainerItemProxy;
			containerPortal = 24B70E522D034D7F001CD1DB /* Project object */;
			proxyType = 1;
			remoteGlobalIDString = 24B70E592D034D7F001CD1DB;
			remoteInfo = appSwiftUIPickerViewv1;
		};
/* End PBXContainerItemProxy section */

/* Begin PBXFileReference section */
		24B70E5A2D034D7F001CD1DB /* appSwiftUIPickerViewv1.app */ = {isa = PBXFileReference; explicitFileType = wrapper.application; includeInIndex = 0; path = appSwiftUIPickerViewv1.app; sourceTree = BUILT_PRODUCTS_DIR; };
		24B70E6A2D034D81001CD1DB /* appSwiftUIPickerViewv1Tests.xctest */ = {isa = PBXFileReference; explicitFileType = wrapper.cfbundle; includeInIndex = 0; path = appSwiftUIPickerViewv1Tests.xctest; sourceTree = BUILT_PRODUCTS_DIR; };
		24B70E742D034D81001CD1DB /* appSwiftUIPickerViewv1UITests.xctest */ = {isa = PBXFileReference; explicitFileType = wrapper.cfbundle; includeInIndex = 0; path = appSwiftUIPickerViewv1UITests.xctest; sourceTree = BUILT_PRODUCTS_DIR; };
/* End PBXFileReference section */

/* Begin PBXFileSystemSynchronizedRootGroup section */
		24B70E5C2D034D7F001CD1DB /* appSwiftUIPickerViewv1 */ = {
			isa = PBXFileSystemSynchronizedRootGroup;
			path = appSwiftUIPickerViewv1;
			sourceTree = "<group>";
		};
		24B70E6D2D034D81001CD1DB /* appSwiftUIPickerViewv1Tests */ = {
			isa = PBXFileSystemSynchronizedRootGroup;
			path = appSwiftUIPickerViewv1Tests;
			sourceTree = "<group>";
		};
		24B70E772D034D81001CD1DB /* appSwiftUIPickerViewv1UITests */ = {
			isa = PBXFileSystemSynchronizedRootGroup;
			path = appSwiftUIPickerViewv1UITests;
			sourceTree = "<group>";
		};
/* End PBXFileSystemSynchronizedRootGroup section */

/* Begin PBXFrameworksBuildPhase section */
		24B70E572D034D7F001CD1DB /* Frameworks */ = {
			isa = PBXFrameworksBuildPhase;
			buildActionMask = 2147483647;
			files = (
			);
			runOnlyForDeploymentPostprocessing = 0;
		};
		24B70E672D034D81001CD1DB /* Frameworks */ = {
			isa = PBXFrameworksBuildPhase;
			buildActionMask = 2147483647;
			files = (
			);
			runOnlyForDeploymentPostprocessing = 0;
		};
		24B70E712D034D81001CD1DB /* Frameworks */ = {
			isa = PBXFrameworksBuildPhase;
			buildActionMask = 2147483647;
			files = (
			);
			runOnlyForDeploymentPostprocessing = 0;
		};
/* End PBXFrameworksBuildPhase section */

/* Begin PBXGroup section */
		24B70E512D034D7F001CD1DB = {
			isa = PBXGroup;
			children = (
				24B70E5C2D034D7F001CD1DB /* appSwiftUIPickerViewv1 */,
				24B70E6D2D034D81001CD1DB /* appSwiftUIPickerViewv1Tests */,
				24B70E772D034D81001CD1DB /* appSwiftUIPickerViewv1UITests */,
				24B70E5B2D034D7F001CD1DB /* Products */,
			);
			sourceTree = "<group>";
		};
		24B70E5B2D034D7F001CD1DB /* Products */ = {
			isa = PBXGroup;
			children = (
				24B70E5A2D034D7F001CD1DB /* appSwiftUIPickerViewv1.app */,
				24B70E6A2D034D81001CD1DB /* appSwiftUIPickerViewv1Tests.xctest */,
				24B70E742D034D81001CD1DB /* appSwiftUIPickerViewv1UITests.xctest */,
			);
			name = Products;
			sourceTree = "<group>";
		};
/* End PBXGroup section */

/* Begin PBXNativeTarget section */
		24B70E592D034D7F001CD1DB /* appSwiftUIPickerViewv1 */ = {
			isa = PBXNativeTarget;
			buildConfigurationList = 24B70E7E2D034D81001CD1DB /* Build configuration list for PBXNativeTarget "appSwiftUIPickerViewv1" */;
			buildPhases = (
				24B70E562D034D7F001CD1DB /* Sources */,
				24B70E572D034D7F001CD1DB /* Frameworks */,
				24B70E582D034D7F001CD1DB /* Resources */,
			);
			buildRules = (
			);
			dependencies = (
			);
			fileSystemSynchronizedGroups = (
				24B70E5C2D034D7F001CD1DB /* appSwiftUIPickerViewv1 */,
			);
			name = appSwiftUIPickerViewv1;
			packageProductDependencies = (
			);
			productName = appSwiftUIPickerViewv1;
			productReference = 24B70E5A2D034D7F001CD1DB /* appSwiftUIPickerViewv1.app */;
			productType = "com.apple.product-type.application";
		};
		24B70E692D034D81001CD1DB /* appSwiftUIPickerViewv1Tests */ = {
			isa = PBXNativeTarget;
			buildConfigurationList = 24B70E812D034D81001CD1DB /* Build configuration list for PBXNativeTarget "appSwiftUIPickerViewv1Tests" */;
			buildPhases = (
				24B70E662D034D81001CD1DB /* Sources */,
				24B70E672D034D81001CD1DB /* Frameworks */,
				24B70E682D034D81001CD1DB /* Resources */,
			);
			buildRules = (
			);
			dependencies = (
				24B70E6C2D034D81001CD1DB /* PBXTargetDependency */,
			);
			fileSystemSynchronizedGroups = (
				24B70E6D2D034D81001CD1DB /* appSwiftUIPickerViewv1Tests */,
			);
			name = appSwiftUIPickerViewv1Tests;
			packageProductDependencies = (
			);
			productName = appSwiftUIPickerViewv1Tests;
			productReference = 24B70E6A2D034D81001CD1DB /* appSwiftUIPickerViewv1Tests.xctest */;
			productType = "com.apple.product-type.bundle.unit-test";
		};
		24B70E732D034D81001CD1DB /* appSwiftUIPickerViewv1UITests */ = {
			isa = PBXNativeTarget;
			buildConfigurationList = 24B70E842D034D81001CD1DB /* Build configuration list for PBXNativeTarget "appSwiftUIPickerViewv1UITests" */;
			buildPhases = (
				24B70E702D034D81001CD1DB /* Sources */,
				24B70E712D034D81001CD1DB /* Frameworks */,
				24B70E722D034D81001CD1DB /* Resources */,
			);
			buildRules = (
			);
			dependencies = (
				24B70E762D034D81001CD1DB /* PBXTargetDependency */,
			);
			fileSystemSynchronizedGroups = (
				24B70E772D034D81001CD1DB /* appSwiftUIPickerViewv1UITests */,
			);
			name = appSwiftUIPickerViewv1UITests;
			packageProductDependencies = (
			);
			productName = appSwiftUIPickerViewv1UITests;
			productReference = 24B70E742D034D81001CD1DB /* appSwiftUIPickerViewv1UITests.xctest */;
			productType = "com.apple.product-type.bundle.ui-testing";
		};
/* End PBXNativeTarget section */

/* Begin PBXProject section */
		24B70E522D034D7F001CD1DB /* Project object */ = {
			isa = PBXProject;
			attributes = {
				BuildIndependentTargetsInParallel = 1;
				LastSwiftUpdateCheck = 1600;
				LastUpgradeCheck = 1600;
				TargetAttributes = {
					24B70E592D034D7F001CD1DB = {
						CreatedOnToolsVersion = 16.0;
					};
					24B70E692D034D81001CD1DB = {
						CreatedOnToolsVersion = 16.0;
						TestTargetID = 24B70E592D034D7F001CD1DB;
					};
					24B70E732D034D81001CD1DB = {
						CreatedOnToolsVersion = 16.0;
						TestTargetID = 24B70E592D034D7F001CD1DB;
					};
				};
			};
			buildConfigurationList = 24B70E552D034D7F001CD1DB /* Build configuration list for PBXProject "appSwiftUIPickerViewv1" */;
			developmentRegion = en;
			hasScannedForEncodings = 0;
			knownRegions = (
				en,
				Base,
			);
			mainGroup = 24B70E512D034D7F001CD1DB;
			minimizedProjectReferenceProxies = 1;
			preferredProjectObjectVersion = 77;
			productRefGroup = 24B70E5B2D034D7F001CD1DB /* Products */;
			projectDirPath = "";
			projectRoot = "";
			targets = (
				24B70E592D034D7F001CD1DB /* appSwiftUIPickerViewv1 */,
				24B70E692D034D81001CD1DB /* appSwiftUIPickerViewv1Tests */,
				24B70E732D034D81001CD1DB /* appSwiftUIPickerViewv1UITests */,
			);
		};
/* End PBXProject section */

/* Begin PBXResourcesBuildPhase section */
		24B70E582D034D7F001CD1DB /* Resources */ = {
			isa = PBXResourcesBuildPhase;
			buildActionMask = 2147483647;
			files = (
			);
			runOnlyForDeploymentPostprocessing = 0;
		};
		24B70E682D034D81001CD1DB /* Resources */ = {
			isa = PBXResourcesBuildPhase;
			buildActionMask = 2147483647;
			files = (
			);
			runOnlyForDeploymentPostprocessing = 0;
		};
		24B70E722D034D81001CD1DB /* Resources */ = {
			isa = PBXResourcesBuildPhase;
			buildActionMask = 2147483647;
			files = (
			);
			runOnlyForDeploymentPostprocessing = 0;
		};
/* End PBXResourcesBuildPhase section */

/* Begin PBXSourcesBuildPhase section */
		24B70E562D034D7F001CD1DB /* Sources */ = {
			isa = PBXSourcesBuildPhase;
			buildActionMask = 2147483647;
			files = (
			);
			runOnlyForDeploymentPostprocessing = 0;
		};
		24B70E662D034D81001CD1DB /* Sources */ = {
			isa = PBXSourcesBuildPhase;
			buildActionMask = 2147483647;
			files = (
			);
			runOnlyForDeploymentPostprocessing = 0;
		};
		24B70E702D034D81001CD1DB /* Sources */ = {
			isa = PBXSourcesBuildPhase;
			buildActionMask = 2147483647;
			files = (
			);
			runOnlyForDeploymentPostprocessing = 0;
		};
/* End PBXSourcesBuildPhase section */

/* Begin PBXTargetDependency section */
		24B70E6C2D034D81001CD1DB /* PBXTargetDependency */ = {
			isa = PBXTargetDependency;
			target = 24B70E592D034D7F001CD1DB /* appSwiftUIPickerViewv1 */;
			targetProxy = 24B70E6B2D034D81001CD1DB /* PBXContainerItemProxy */;
		};
		24B70E762D034D81001CD1DB /* PBXTargetDependency */ = {
			isa = PBXTargetDependency;
			target = 24B70E592D034D7F001CD1DB /* appSwiftUIPickerViewv1 */;
			targetProxy = 24B70E752D034D81001CD1DB /* PBXContainerItemProxy */;
		};
/* End PBXTargetDependency section */

/* Begin XCBuildConfiguration section */
		24B70E7C2D034D81001CD1DB /* Debug */ = {
			isa = XCBuildConfiguration;
			buildSettings = {
				ALWAYS_SEARCH_USER_PATHS = NO;
				ASSETCATALOG_COMPILER_GENERATE_SWIFT_ASSET_SYMBOL_EXTENSIONS = YES;
				CLANG_ANALYZER_NONNULL = YES;
				CLANG_ANALYZER_NUMBER_OBJECT_CONVERSION = YES_AGGRESSIVE;
				CLANG_CXX_LANGUAGE_STANDARD = "gnu++20";
				CLANG_ENABLE_MODULES = YES;
				CLANG_ENABLE_OBJC_ARC = YES;
				CLANG_ENABLE_OBJC_WEAK = YES;
				CLANG_WARN_BLOCK_CAPTURE_AUTORELEASING = YES;
				CLANG_WARN_BOOL_CONVERSION = YES;
				CLANG_WARN_COMMA = YES;
				CLANG_WARN_CONSTANT_CONVERSION = YES;
				CLANG_WARN_DEPRECATED_OBJC_IMPLEMENTATIONS = YES;
				CLANG_WARN_DIRECT_OBJC_ISA_USAGE = YES_ERROR;
				CLANG_WARN_DOCUMENTATION_COMMENTS = YES;
				CLANG_WARN_EMPTY_BODY = YES;
				CLANG_WARN_ENUM_CONVERSION = YES;
				CLANG_WARN_INFINITE_RECURSION = YES;
				CLANG_WARN_INT_CONVERSION = YES;
				CLANG_WARN_NON_LITERAL_NULL_CONVERSION = YES;
				CLANG_WARN_OBJC_IMPLICIT_RETAIN_SELF = YES;
				CLANG_WARN_OBJC_LITERAL_CONVERSION = YES;
				CLANG_WARN_OBJC_ROOT_CLASS = YES_ERROR;
				CLANG_WARN_QUOTED_INCLUDE_IN_FRAMEWORK_HEADER = YES;
				CLANG_WARN_RANGE_LOOP_ANALYSIS = YES;
				CLANG_WARN_STRICT_PROTOTYPES = YES;
				CLANG_WARN_SUSPICIOUS_MOVE = YES;
				CLANG_WARN_UNGUARDED_AVAILABILITY = YES_AGGRESSIVE;
				CLANG_WARN_UNREACHABLE_CODE = YES;
				CLANG_WARN__DUPLICATE_METHOD_MATCH = YES;
				COPY_PHASE_STRIP = NO;
				DEBUG_INFORMATION_FORMAT = dwarf;
				ENABLE_STRICT_OBJC_MSGSEND = YES;
				ENABLE_TESTABILITY = YES;
				ENABLE_USER_SCRIPT_SANDBOXING = YES;
				GCC_C_LANGUAGE_STANDARD = gnu17;
				GCC_DYNAMIC_NO_PIC = NO;
				GCC_NO_COMMON_BLOCKS = YES;
				GCC_OPTIMIZATION_LEVEL = 0;
				GCC_PREPROCESSOR_DEFINITIONS = (
					"DEBUG=1",
					"$(inherited)",
				);
				GCC_WARN_64_TO_32_BIT_CONVERSION = YES;
				GCC_WARN_ABOUT_RETURN_TYPE = YES_ERROR;
				GCC_WARN_UNDECLARED_SELECTOR = YES;
				GCC_WARN_UNINITIALIZED_AUTOS = YES_AGGRESSIVE;
				GCC_WARN_UNUSED_FUNCTION = YES;
				GCC_WARN_UNUSED_VARIABLE = YES;
				IPHONEOS_DEPLOYMENT_TARGET = 18.0;
				LOCALIZATION_PREFERS_STRING_CATALOGS = YES;
				MTL_ENABLE_DEBUG_INFO = INCLUDE_SOURCE;
				MTL_FAST_MATH = YES;
				ONLY_ACTIVE_ARCH = YES;
				SDKROOT = iphoneos;
				SWIFT_ACTIVE_COMPILATION_CONDITIONS = "DEBUG $(inherited)";
				SWIFT_OPTIMIZATION_LEVEL = "-Onone";
			};
			name = Debug;
		};
		24B70E7D2D034D81001CD1DB /* Release */ = {
			isa = XCBuildConfiguration;
			buildSettings = {
				ALWAYS_SEARCH_USER_PATHS = NO;
				ASSETCATALOG_COMPILER_GENERATE_SWIFT_ASSET_SYMBOL_EXTENSIONS = YES;
				CLANG_ANALYZER_NONNULL = YES;
				CLANG_ANALYZER_NUMBER_OBJECT_CONVERSION = YES_AGGRESSIVE;
				CLANG_CXX_LANGUAGE_STANDARD = "gnu++20";
				CLANG_ENABLE_MODULES = YES;
				CLANG_ENABLE_OBJC_ARC = YES;
				CLANG_ENABLE_OBJC_WEAK = YES;
				CLANG_WARN_BLOCK_CAPTURE_AUTORELEASING = YES;
				CLANG_WARN_BOOL_CONVERSION = YES;
				CLANG_WARN_COMMA = YES;
				CLANG_WARN_CONSTANT_CONVERSION = YES;
				CLANG_WARN_DEPRECATED_OBJC_IMPLEMENTATIONS = YES;
				CLANG_WARN_DIRECT_OBJC_ISA_USAGE = YES_ERROR;
				CLANG_WARN_DOCUMENTATION_COMMENTS = YES;
				CLANG_WARN_EMPTY_BODY = YES;
				CLANG_WARN_ENUM_CONVERSION = YES;
				CLANG_WARN_INFINITE_RECURSION = YES;
				CLANG_WARN_INT_CONVERSION = YES;
				CLANG_WARN_NON_LITERAL_NULL_CONVERSION = YES;
				CLANG_WARN_OBJC_IMPLICIT_RETAIN_SELF = YES;
				CLANG_WARN_OBJC_LITERAL_CONVERSION = YES;
				CLANG_WARN_OBJC_ROOT_CLASS = YES_ERROR;
				CLANG_WARN_QUOTED_INCLUDE_IN_FRAMEWORK_HEADER = YES;
				CLANG_WARN_RANGE_LOOP_ANALYSIS = YES;
				CLANG_WARN_STRICT_PROTOTYPES = YES;
				CLANG_WARN_SUSPICIOUS_MOVE = YES;
				CLANG_WARN_UNGUARDED_AVAILABILITY = YES_AGGRESSIVE;
				CLANG_WARN_UNREACHABLE_CODE = YES;
				CLANG_WARN__DUPLICATE_METHOD_MATCH = YES;
				COPY_PHASE_STRIP = NO;
				DEBUG_INFORMATION_FORMAT = "dwarf-with-dsym";
				ENABLE_NS_ASSERTIONS = NO;
				ENABLE_STRICT_OBJC_MSGSEND = YES;
				ENABLE_USER_SCRIPT_SANDBOXING = YES;
				GCC_C_LANGUAGE_STANDARD = gnu17;
				GCC_NO_COMMON_BLOCKS = YES;
				GCC_WARN_64_TO_32_BIT_CONVERSION = YES;
				GCC_WARN_ABOUT_RETURN_TYPE = YES_ERROR;
				GCC_WARN_UNDECLARED_SELECTOR = YES;
				GCC_WARN_UNINITIALIZED_AUTOS = YES_AGGRESSIVE;
				GCC_WARN_UNUSED_FUNCTION = YES;
				GCC_WARN_UNUSED_VARIABLE = YES;
				IPHONEOS_DEPLOYMENT_TARGET = 18.0;
				LOCALIZATION_PREFERS_STRING_CATALOGS = YES;
				MTL_ENABLE_DEBUG_INFO = NO;
				MTL_FAST_MATH = YES;
				SDKROOT = iphoneos;
				SWIFT_COMPILATION_MODE = wholemodule;
				VALIDATE_PRODUCT = YES;
			};
			name = Release;
		};
		24B70E7F2D034D81001CD1DB /* Debug */ = {
			isa = XCBuildConfiguration;
			buildSettings = {
				ASSETCATALOG_COMPILER_APPICON_NAME = AppIcon;
				ASSETCATALOG_COMPILER_GLOBAL_ACCENT_COLOR_NAME = AccentColor;
				CODE_SIGN_STYLE = Automatic;
				CURRENT_PROJECT_VERSION = 1;
				DEVELOPMENT_ASSET_PATHS = "\"appSwiftUIPickerViewv1/Preview Content\"";
				DEVELOPMENT_TEAM = 4Y6W3Q4CN4;
				ENABLE_PREVIEWS = YES;
				GENERATE_INFOPLIST_FILE = YES;
				INFOPLIST_KEY_UIApplicationSceneManifest_Generation = YES;
				INFOPLIST_KEY_UIApplicationSupportsIndirectInputEvents = YES;
				INFOPLIST_KEY_UILaunchScreen_Generation = YES;
				INFOPLIST_KEY_UISupportedInterfaceOrientations_iPad = "UIInterfaceOrientationPortrait UIInterfaceOrientationPortraitUpsideDown UIInterfaceOrientationLandscapeLeft UIInterfaceOrientationLandscapeRight";
				INFOPLIST_KEY_UISupportedInterfaceOrientations_iPhone = "UIInterfaceOrientationPortrait UIInterfaceOrientationLandscapeLeft UIInterfaceOrientationLandscapeRight";
				LD_RUNPATH_SEARCH_PATHS = (
					"$(inherited)",
					"@executable_path/Frameworks",
				);
				MARKETING_VERSION = 1.0;
				PRODUCT_BUNDLE_IDENTIFIER = Castro.appSwiftUIPickerViewv1;
				PRODUCT_NAME = "$(TARGET_NAME)";
				SWIFT_EMIT_LOC_STRINGS = YES;
				SWIFT_VERSION = 5.0;
				TARGETED_DEVICE_FAMILY = "1,2";
			};
			name = Debug;
		};
		24B70E802D034D81001CD1DB /* Release */ = {
			isa = XCBuildConfiguration;
			buildSettings = {
				ASSETCATALOG_COMPILER_APPICON_NAME = AppIcon;
				ASSETCATALOG_COMPILER_GLOBAL_ACCENT_COLOR_NAME = AccentColor;
				CODE_SIGN_STYLE = Automatic;
				CURRENT_PROJECT_VERSION = 1;
				DEVELOPMENT_ASSET_PATHS = "\"appSwiftUIPickerViewv1/Preview Content\"";
				DEVELOPMENT_TEAM = 4Y6W3Q4CN4;
				ENABLE_PREVIEWS = YES;
				GENERATE_INFOPLIST_FILE = YES;
				INFOPLIST_KEY_UIApplicationSceneManifest_Generation = YES;
				INFOPLIST_KEY_UIApplicationSupportsIndirectInputEvents = YES;
				INFOPLIST_KEY_UILaunchScreen_Generation = YES;
				INFOPLIST_KEY_UISupportedInterfaceOrientations_iPad = "UIInterfaceOrientationPortrait UIInterfaceOrientationPortraitUpsideDown UIInterfaceOrientationLandscapeLeft UIInterfaceOrientationLandscapeRight";
				INFOPLIST_KEY_UISupportedInterfaceOrientations_iPhone = "UIInterfaceOrientationPortrait UIInterfaceOrientationLandscapeLeft UIInterfaceOrientationLandscapeRight";
				LD_RUNPATH_SEARCH_PATHS = (
					"$(inherited)",
					"@executable_path/Frameworks",
				);
				MARKETING_VERSION = 1.0;
				PRODUCT_BUNDLE_IDENTIFIER = Castro.appSwiftUIPickerViewv1;
				PRODUCT_NAME = "$(TARGET_NAME)";
				SWIFT_EMIT_LOC_STRINGS = YES;
				SWIFT_VERSION = 5.0;
				TARGETED_DEVICE_FAMILY = "1,2";
			};
			name = Release;
		};
		24B70E822D034D81001CD1DB /* Debug */ = {
			isa = XCBuildConfiguration;
			buildSettings = {
				BUNDLE_LOADER = "$(TEST_HOST)";
				CODE_SIGN_STYLE = Automatic;
				CURRENT_PROJECT_VERSION = 1;
				DEVELOPMENT_TEAM = 4Y6W3Q4CN4;
				GENERATE_INFOPLIST_FILE = YES;
				IPHONEOS_DEPLOYMENT_TARGET = 18.0;
				MARKETING_VERSION = 1.0;
				PRODUCT_BUNDLE_IDENTIFIER = Castro.appSwiftUIPickerViewv1Tests;
				PRODUCT_NAME = "$(TARGET_NAME)";
				SWIFT_EMIT_LOC_STRINGS = NO;
				SWIFT_VERSION = 5.0;
				TARGETED_DEVICE_FAMILY = "1,2";
				TEST_HOST = "$(BUILT_PRODUCTS_DIR)/appSwiftUIPickerViewv1.app/$(BUNDLE_EXECUTABLE_FOLDER_PATH)/appSwiftUIPickerViewv1";
			};
			name = Debug;
		};
		24B70E832D034D81001CD1DB /* Release */ = {
			isa = XCBuildConfiguration;
			buildSettings = {
				BUNDLE_LOADER = "$(TEST_HOST)";
				CODE_SIGN_STYLE = Automatic;
				CURRENT_PROJECT_VERSION = 1;
				DEVELOPMENT_TEAM = 4Y6W3Q4CN4;
				GENERATE_INFOPLIST_FILE = YES;
				IPHONEOS_DEPLOYMENT_TARGET = 18.0;
				MARKETING_VERSION = 1.0;
				PRODUCT_BUNDLE_IDENTIFIER = Castro.appSwiftUIPickerViewv1Tests;
				PRODUCT_NAME = "$(TARGET_NAME)";
				SWIFT_EMIT_LOC_STRINGS = NO;
				SWIFT_VERSION = 5.0;
				TARGETED_DEVICE_FAMILY = "1,2";
				TEST_HOST = "$(BUILT_PRODUCTS_DIR)/appSwiftUIPickerViewv1.app/$(BUNDLE_EXECUTABLE_FOLDER_PATH)/appSwiftUIPickerViewv1";
			};
			name = Release;
		};
		24B70E852D034D81001CD1DB /* Debug */ = {
			isa = XCBuildConfiguration;
			buildSettings = {
				CODE_SIGN_STYLE = Automatic;
				CURRENT_PROJECT_VERSION = 1;
				DEVELOPMENT_TEAM = 4Y6W3Q4CN4;
				GENERATE_INFOPLIST_FILE = YES;
				MARKETING_VERSION = 1.0;
				PRODUCT_BUNDLE_IDENTIFIER = Castro.appSwiftUIPickerViewv1UITests;
				PRODUCT_NAME = "$(TARGET_NAME)";
				SWIFT_EMIT_LOC_STRINGS = NO;
				SWIFT_VERSION = 5.0;
				TARGETED_DEVICE_FAMILY = "1,2";
				TEST_TARGET_NAME = appSwiftUIPickerViewv1;
			};
			name = Debug;
		};
		24B70E862D034D81001CD1DB /* Release */ = {
			isa = XCBuildConfiguration;
			buildSettings = {
				CODE_SIGN_STYLE = Automatic;
				CURRENT_PROJECT_VERSION = 1;
				DEVELOPMENT_TEAM = 4Y6W3Q4CN4;
				GENERATE_INFOPLIST_FILE = YES;
				MARKETING_VERSION = 1.0;
				PRODUCT_BUNDLE_IDENTIFIER = Castro.appSwiftUIPickerViewv1UITests;
				PRODUCT_NAME = "$(TARGET_NAME)";
				SWIFT_EMIT_LOC_STRINGS = NO;
				SWIFT_VERSION = 5.0;
				TARGETED_DEVICE_FAMILY = "1,2";
				TEST_TARGET_NAME = appSwiftUIPickerViewv1;
			};
			name = Release;
		};
/* End XCBuildConfiguration section */

/* Begin XCConfigurationList section */
		24B70E552D034D7F001CD1DB /* Build configuration list for PBXProject "appSwiftUIPickerViewv1" */ = {
			isa = XCConfigurationList;
			buildConfigurations = (
				24B70E7C2D034D81001CD1DB /* Debug */,
				24B70E7D2D034D81001CD1DB /* Release */,
			);
			defaultConfigurationIsVisible = 0;
			defaultConfigurationName = Release;
		};
		24B70E7E2D034D81001CD1DB /* Build configuration list for PBXNativeTarget "appSwiftUIPickerViewv1" */ = {
			isa = XCConfigurationList;
			buildConfigurations = (
				24B70E7F2D034D81001CD1DB /* Debug */,
				24B70E802D034D81001CD1DB /* Release */,
			);
			defaultConfigurationIsVisible = 0;
			defaultConfigurationName = Release;
		};
		24B70E812D034D81001CD1DB /* Build configuration list for PBXNativeTarget "appSwiftUIPickerViewv1Tests" */ = {
			isa = XCConfigurationList;
			buildConfigurations = (
				24B70E822D034D81001CD1DB /* Debug */,
				24B70E832D034D81001CD1DB /* Release */,
			);
			defaultConfigurationIsVisible = 0;
			defaultConfigurationName = Release;
		};
		24B70E842D034D81001CD1DB /* Build configuration list for PBXNativeTarget "appSwiftUIPickerViewv1UITests" */ = {
			isa = XCConfigurationList;
			buildConfigurations = (
				24B70E852D034D81001CD1DB /* Debug */,
				24B70E862D034D81001CD1DB /* Release */,
			);
			defaultConfigurationIsVisible = 0;
			defaultConfigurationName = Release;
		};
/* End XCConfigurationList section */
	};
	rootObject = 24B70E522D034D7F001CD1DB /* Project object */;
}
